
Microsoft Visual Studio Solution File, Format Version 12.00
# Visual Studio Version 17
VisualStudioVersion = 17.4.33122.133
MinimumVisualStudioVersion = 10.0.40219.1
Project("{FAE04EC0-301F-11D3-BF4B-00C04F79EFBC}") = "GhostLoader", "GhostLoader\GhostLoader.csproj", "{AAFF62ED-2F5F-4ACB-B5B5-68A9EE96AC52}"
EndProject
Global
	GlobalSection(SolutionConfigurationPlatforms) = preSolution
		Debug|Any CPU = Debug|Any CPU
		Release|Any CPU = Release|Any CPU
	EndGlobalSection
	GlobalSection(ProjectConfigurationPlatforms) = postSolution
		{AAFF62ED-2F5F-4ACB-B5B5-68A9EE96AC52}.Debug|Any CPU.ActiveCfg = Debug|Any CPU
		{AAFF62ED-2F5F-4ACB-B5B5-68A9EE96AC52}.Debug|Any CPU.Build.0 = Debug|Any CPU
		{AAFF62ED-2F5F-4ACB-B5B5-68A9EE96AC52}.Release|Any CPU.ActiveCfg = Release|Any CPU
		{AAFF62ED-2F5F-4ACB-B5B5-68A9EE96AC52}.Release|Any CPU.Build.0 = Release|Any CPU
	EndGlobalSection
	GlobalSection(SolutionProperties) = preSolution
		HideSolutionNode = FALSE
	EndGlobalSection
	GlobalSection(ExtensibilityGlobals) = postSolution
		SolutionGuid = {922F391A-3592-4E91-9120-2770A154B598}
	EndGlobalSection
EndGlobal
